
Microsoft Visual Studio Solution File, Format Version 12.00
# Visual Studio Version 17
VisualStudioVersion = 17.1.32210.238
MinimumVisualStudioVersion = 10.0.40219.1
Project("{8BC9CEB8-8B4A-11D0-8D11-00A0C91BC942}") = "fileParser", "fileParser\fileParser.vcxproj", "{EBBA39B0-C4D8-4B87-B372-EC3F42A65C06}"
EndProject
Global
	GlobalSection(SolutionConfigurationPlatforms) = preSolution
		Debug|x64 = Debug|x64
		Debug|x86 = Debug|x86
		Release|x64 = Release|x64
		Release|x86 = Release|x86
	EndGlobalSection
	GlobalSection(ProjectConfigurationPlatforms) = postSolution
		{EBBA39B0-C4D8-4B87-B372-EC3F42A65C06}.Debug|x64.ActiveCfg = Debug|x64
		{EBBA39B0-C4D8-4B87-B372-EC3F42A65C06}.Debug|x64.Build.0 = Debug|x64
		{EBBA39B0-C4D8-4B87-B372-EC3F42A65C06}.Debug|x86.ActiveCfg = Debug|Win32
		{EBBA39B0-C4D8-4B87-B372-EC3F42A65C06}.Debug|x86.Build.0 = Debug|Win32
		{EBBA39B0-C4D8-4B87-B372-EC3F42A65C06}.Release|x64.ActiveCfg = Release|x64
		{EBBA39B0-C4D8-4B87-B372-EC3F42A65C06}.Release|x64.Build.0 = Release|x64
		{EBBA39B0-C4D8-4B87-B372-EC3F42A65C06}.Release|x86.ActiveCfg = Release|Win32
		{EBBA39B0-C4D8-4B87-B372-EC3F42A65C06}.Release|x86.Build.0 = Release|Win32
	EndGlobalSection
	GlobalSection(SolutionProperties) = preSolution
		HideSolutionNode = FALSE
	EndGlobalSection
	GlobalSection(ExtensibilityGlobals) = postSolution
		SolutionGuid = {299B9EAD-4605-4FCF-82CA-D61043388973}
	EndGlobalSection
EndGlobal
